
Microsoft Visual Studio Solution File, Format Version 12.00
# Visual Studio Version 17
VisualStudioVersion = 17.0.32112.339
MinimumVisualStudioVersion = 10.0.40219.1
Project("{8BC9CEB8-8B4A-11D0-8D11-00A0C91BC942}") = "RawInputClient", "RawInputClient\RawInputClient.vcxproj", "{6BD790C3-C254-4CBF-8DE5-3BACCBF290C1}"
EndProject
Project("{FAE04EC0-301F-11D3-BF4B-00C04F79EFBC}") = "PRAWN Viewer", "PRAWN Viewer\PRAWN Viewer.csproj", "{23233637-9749-47CB-9AA3-366E26A7853A}"
EndProject
Project("{8BC9CEB8-8B4A-11D0-8D11-00A0C91BC942}") = "RawInputClientTests", "RawInputClientTests\RawInputClientTests.vcxproj", "{412B330B-BCE3-4C4F-BC98-487632296E5D}"
EndProject
Global
	GlobalSection(SolutionConfigurationPlatforms) = preSolution
		Debug|Any CPU = Debug|Any CPU
		Debug|x64 = Debug|x64
		Debug|x86 = Debug|x86
		Release|Any CPU = Release|Any CPU
		Release|x64 = Release|x64
		Release|x86 = Release|x86
	EndGlobalSection
	GlobalSection(ProjectConfigurationPlatforms) = postSolution
		{6BD790C3-C254-4CBF-8DE5-3BACCBF290C1}.Debug|Any CPU.ActiveCfg = Debug|x64
		{6BD790C3-C254-4CBF-8DE5-3BACCBF290C1}.Debug|x64.ActiveCfg = Debug|x64
		{6BD790C3-C254-4CBF-8DE5-3BACCBF290C1}.Debug|x64.Build.0 = Debug|x64
		{6BD790C3-C254-4CBF-8DE5-3BACCBF290C1}.Debug|x86.ActiveCfg = Debug|Win32
		{6BD790C3-C254-4CBF-8DE5-3BACCBF290C1}.Debug|x86.Build.0 = Debug|Win32
		{6BD790C3-C254-4CBF-8DE5-3BACCBF290C1}.Release|Any CPU.ActiveCfg = Release|Win32
		{6BD790C3-C254-4CBF-8DE5-3BACCBF290C1}.Release|x64.ActiveCfg = Release|x64
		{6BD790C3-C254-4CBF-8DE5-3BACCBF290C1}.Release|x64.Build.0 = Release|x64
		{6BD790C3-C254-4CBF-8DE5-3BACCBF290C1}.Release|x86.ActiveCfg = Release|Win32
		{6BD790C3-C254-4CBF-8DE5-3BACCBF290C1}.Release|x86.Build.0 = Release|Win32
		{23233637-9749-47CB-9AA3-366E26A7853A}.Debug|Any CPU.ActiveCfg = Debug|Any CPU
		{23233637-9749-47CB-9AA3-366E26A7853A}.Debug|Any CPU.Build.0 = Debug|Any CPU
		{23233637-9749-47CB-9AA3-366E26A7853A}.Debug|x64.ActiveCfg = Debug|Any CPU
		{23233637-9749-47CB-9AA3-366E26A7853A}.Debug|x64.Build.0 = Debug|Any CPU
		{23233637-9749-47CB-9AA3-366E26A7853A}.Debug|x86.ActiveCfg = Debug|Any CPU
		{23233637-9749-47CB-9AA3-366E26A7853A}.Debug|x86.Build.0 = Debug|Any CPU
		{23233637-9749-47CB-9AA3-366E26A7853A}.Release|Any CPU.ActiveCfg = Release|Any CPU
		{23233637-9749-47CB-9AA3-366E26A7853A}.Release|Any CPU.Build.0 = Release|Any CPU
		{23233637-9749-47CB-9AA3-366E26A7853A}.Release|x64.ActiveCfg = Release|Any CPU
		{23233637-9749-47CB-9AA3-366E26A7853A}.Release|x64.Build.0 = Release|Any CPU
		{23233637-9749-47CB-9AA3-366E26A7853A}.Release|x86.ActiveCfg = Release|Any CPU
		{23233637-9749-47CB-9AA3-366E26A7853A}.Release|x86.Build.0 = Release|Any CPU
		{412B330B-BCE3-4C4F-BC98-487632296E5D}.Debug|Any CPU.ActiveCfg = Debug|Win32
		{412B330B-BCE3-4C4F-BC98-487632296E5D}.Debug|x64.ActiveCfg = Debug|x64
		{412B330B-BCE3-4C4F-BC98-487632296E5D}.Debug|x64.Build.0 = Debug|x64
		{412B330B-BCE3-4C4F-BC98-487632296E5D}.Debug|x86.ActiveCfg = Debug|Win32
		{412B330B-BCE3-4C4F-BC98-487632296E5D}.Debug|x86.Build.0 = Debug|Win32
		{412B330B-BCE3-4C4F-BC98-487632296E5D}.Release|Any CPU.ActiveCfg = Release|Win32
		{412B330B-BCE3-4C4F-BC98-487632296E5D}.Release|x64.ActiveCfg = Release|x64
		{412B330B-BCE3-4C4F-BC98-487632296E5D}.Release|x64.Build.0 = Release|x64
		{412B330B-BCE3-4C4F-BC98-487632296E5D}.Release|x86.ActiveCfg = Release|Win32
		{412B330B-BCE3-4C4F-BC98-487632296E5D}.Release|x86.Build.0 = Release|Win32
	EndGlobalSection
	GlobalSection(SolutionProperties) = preSolution
		HideSolutionNode = FALSE
	EndGlobalSection
	GlobalSection(ExtensibilityGlobals) = postSolution
		SolutionGuid = {462C1840-5606-43D9-8815-6500A5A67298}
	EndGlobalSection
EndGlobal
